<?xml version="1.0" encoding="utf-8"?>
<Project ToolsVersion="4.0" xmlns="http://schemas.microsoft.com/developer/msbuild/2003">
  <ItemGroup>
    <Filter Include="Framework">
      <UniqueIdentifier>{c211fdac-2b18-4784-bf77-270bec639b68}</UniqueIdentifier>
    </Filter>
    <Filter Include="Development">
      <UniqueIdentifier>{e552e2e3-ef9f-4ec3-b2e0-d32668f39cb5}</UniqueIdentifier>
    </Filter>
    <Filter Include="Framework\Header">
      <UniqueIdentifier>{0e80a15f-cafe-4123-b301-48c8f04954da}</UniqueIdentifier>
    </Filter>
    <Filter Include="Framework\Source">
      <UniqueIdentifier>{c4bffbd0-d6eb-41c8-91f6-dae3b812ff13}</UniqueIdentifier>
    </Filter>
    <Filter Include="Development\Header">
      <UniqueIdentifier>{a66e785f-bc20-456c-9b94-37e174bc24da}</UniqueIdentifier>
    </Filter>
    <Filter Include="Development\Source">
      <UniqueIdentifier>{90152314-ebb9-43c7-b976-871719dc9e69}</UniqueIdentifier>
    </Filter>
    <Filter Include="thirdpartylib">
      <UniqueIdentifier>{c26cf2e0-a21c-442b-8208-5806a114481f}</UniqueIdentifier>
    </Filter>
    <Filter Include="thirdpartylib\json">
      <UniqueIdentifier>{80a9e707-6289-467a-a946-f19330b1a5e0}</UniqueIdentifier>
    </Filter>
    <Filter Include="Main">
      <UniqueIdentifier>{3f3090f4-650c-41ee-937f-6438b1dcb3d0}</UniqueIdentifier>
    </Filter>
  </ItemGroup>
  <ItemGroup>
    <ClCompile Include="MainWindow.cpp">
      <Filter>Framework\Source</Filter>
    </ClCompile>
    <ClCompile Include="GameDev.cpp">
      <Filter>Development\Source</Filter>
    </ClCompile>
    <ClCompile Include="Textures.cpp">
      <Filter>Framework\Source</Filter>
    </ClCompile>
    <ClCompile Include="Animation.cpp">
      <Filter>Framework\Source</Filter>
    </ClCompile>
    <ClCompile Include="Sprite.cpp">
      <Filter>Framework\Source</Filter>
    </ClCompile>
    <ClCompile Include="Collision.cpp">
      <Filter>Framework\Source</Filter>
    </ClCompile>
    <ClCompile Include="GameObject.cpp">
      <Filter>Framework\Source</Filter>
    </ClCompile>
    <ClCompile Include="GameBase.cpp">
      <Filter>Framework\Source</Filter>
    </ClCompile>
    <ClCompile Include="GameTimer.cpp">
      <Filter>Framework\Source</Filter>
    </ClCompile>
    <ClCompile Include="MyException.cpp">
      <Filter>Framework\Source</Filter>
    </ClCompile>
    <ClCompile Include="Mario.cpp">
      <Filter>Development\Source</Filter>
    </ClCompile>
    <ClCompile Include="thirdpartylib\jsoncpp.cpp">
      <Filter>thirdpartylib</Filter>
    </ClCompile>
    <ClCompile Include="Sprites.cpp">
      <Filter>Framework\Source</Filter>
    </ClCompile>
    <ClCompile Include="Goomba.cpp">
      <Filter>Development\Source</Filter>
    </ClCompile>
    <ClCompile Include="WinMain.cpp">
      <Filter>Main</Filter>
    </ClCompile>
    <ClCompile Include="pch.cpp">
      <Filter>Main</Filter>
    </ClCompile>
    <ClCompile Include="Camera.cpp">
      <Filter>Framework\Source</Filter>
    </ClCompile>
  </ItemGroup>
  <ItemGroup>
    <ClInclude Include="MyException.h">
      <Filter>Framework\Header</Filter>
    </ClInclude>
    <ClInclude Include="ISingleton.h">
      <Filter>Framework\Header</Filter>
    </ClInclude>
    <ClInclude Include="MainWindow.h">
      <Filter>Framework\Header</Filter>
    </ClInclude>
    <ClInclude Include="GameDev.h">
      <Filter>Development\Header</Filter>
    </ClInclude>
    <ClInclude Include="Collision.h">
      <Filter>Framework\Header</Filter>
    </ClInclude>
    <ClInclude Include="GameObject.h">
      <Filter>Framework\Header</Filter>
    </ClInclude>
    <ClInclude Include="GameBase.h">
      <Filter>Framework\Header</Filter>
    </ClInclude>
    <ClInclude Include="Textures.h">
      <Filter>Framework\Header</Filter>
    </ClInclude>
    <ClInclude Include="Sprite.h">
      <Filter>Framework\Header</Filter>
    </ClInclude>
    <ClInclude Include="Animation.h">
      <Filter>Framework\Header</Filter>
    </ClInclude>
    <ClInclude Include="GameTimer.h">
      <Filter>Framework\Header</Filter>
    </ClInclude>
    <ClInclude Include="Mario.h">
      <Filter>Development\Header</Filter>
    </ClInclude>
    <ClInclude Include="thirdpartylib\json\json.h">
      <Filter>thirdpartylib\json</Filter>
    </ClInclude>
    <ClInclude Include="thirdpartylib\json\json-forwards.h">
      <Filter>thirdpartylib\json</Filter>
    </ClInclude>
    <ClInclude Include="Sprites.h">
      <Filter>Framework\Header</Filter>
    </ClInclude>
    <ClInclude Include="enums.h">
      <Filter>Development\Header</Filter>
    </ClInclude>
    <ClInclude Include="Goomba.h">
      <Filter>Development\Header</Filter>
    </ClInclude>
    <ClInclude Include="Brick.h">
      <Filter>Development\Header</Filter>
    </ClInclude>
    <ClInclude Include="RectF.h">
      <Filter>Framework\Header</Filter>
    </ClInclude>
    <ClInclude Include="pch.h">
      <Filter>Main</Filter>
    </ClInclude>
    <ClInclude Include="Camera.h">
      <Filter>Framework\Header</Filter>
    </ClInclude>
  </ItemGroup>
</Project>